# This file is automatically @generated by Cargo.
# It is not intended for manual editing.
version = 4

[[package]]
name = "bitflags"
version = "1.3.2"
source = "registry+https://github.com/rust-lang/crates.io-index"
checksum = "bef38d45163c2f1dde094a7dfd33ccf595c92905c8f8f4fdc18d06fb1037718a"

[[package]]
name = "bitflags"
version = "2.8.0"
source = "registry+https://github.com/rust-lang/crates.io-index"
checksum = "8f68f53c83ab957f72c32642f3868eec03eb974d1fb82e453128456482613d36"

[[package]]
name = "blinky"
version = "0.1.0"
dependencies = [
 "linux-embedded-hal",
]

[[package]]
name = "button"
version = "0.1.0"
dependencies = [
 "linux-embedded-hal",
]

[[package]]
name = "cast"
version = "0.3.0"
source = "registry+https://github.com/rust-lang/crates.io-index"
checksum = "37b2a672a2cb129a2e41c10b1224bb368f9f37a2b16b612598138befd7b37eb5"

[[package]]
name = "cfg-if"
version = "1.0.0"
source = "registry+https://github.com/rust-lang/crates.io-index"
checksum = "baf1de4339761588bc0619e3cbc0120ee582ebb74b53b4efbf79117bd2da40fd"

[[package]]
name = "core-foundation"
version = "0.10.0"
source = "registry+https://github.com/rust-lang/crates.io-index"
checksum = "b55271e5c8c478ad3f38ad24ef34923091e0548492a266d19b3c0b4d82574c63"
dependencies = [
 "core-foundation-sys",
 "libc",
]

[[package]]
name = "core-foundation-sys"
version = "0.8.7"
source = "registry+https://github.com/rust-lang/crates.io-index"
checksum = "773648b94d0e5d620f64f280777445740e61fe701025087ec8b57f45c791888b"

[[package]]
name = "eeprom"
version = "0.1.0"

[[package]]
name = "embedded-hal"
version = "1.0.0"
source = "registry+https://github.com/rust-lang/crates.io-index"
checksum = "361a90feb7004eca4019fb28352a9465666b24f840f5c3cddf0ff13920590b89"

[[package]]
name = "embedded-hal-nb"
version = "1.0.0"
source = "registry+https://github.com/rust-lang/crates.io-index"
checksum = "fba4268c14288c828995299e59b12babdbe170f6c6d73731af1b4648142e8605"
dependencies = [
 "embedded-hal",
 "nb",
]

[[package]]
name = "fade"
version = "0.1.0"

[[package]]
name = "gpio-cdev"
version = "0.6.0"
source = "registry+https://github.com/rust-lang/crates.io-index"
checksum = "09831ec59b80be69e75d29cf36e16afbbe5fd1af9c1bf4689ad91c77db5aa6a6"
dependencies = [
 "bitflags 2.8.0",
 "libc",
 "nix 0.27.1",
]

[[package]]
name = "hello_beagle"
version = "0.1.0"

[[package]]
name = "io-kit-sys"
version = "0.4.1"
source = "registry+https://github.com/rust-lang/crates.io-index"
checksum = "617ee6cf8e3f66f3b4ea67a4058564628cde41901316e19f559e14c7c72c5e7b"
dependencies = [
 "core-foundation-sys",
 "mach2",
]

[[package]]
name = "libc"
version = "0.2.169"
source = "registry+https://github.com/rust-lang/crates.io-index"
checksum = "b5aba8db14291edd000dfcc4d620c7ebfb122c613afb886ca8803fa4e128a20a"

[[package]]
name = "linux-embedded-hal"
version = "0.4.0"
source = "registry+https://github.com/rust-lang/crates.io-index"
checksum = "a8d566b726e1b6810f66c6f1c769889248439c27f06a59df2881a735454cfa02"
dependencies = [
 "cast",
 "embedded-hal",
 "embedded-hal-nb",
 "gpio-cdev",
 "nb",
 "nix 0.27.1",
 "serialport",
]

[[package]]
name = "mach2"
version = "0.4.2"
source = "registry+https://github.com/rust-lang/crates.io-index"
checksum = "19b955cdeb2a02b9117f121ce63aa52d08ade45de53e48fe6a38b39c10f6f709"
dependencies = [
 "libc",
]

[[package]]
name = "nb"
version = "1.1.0"
source = "registry+https://github.com/rust-lang/crates.io-index"
checksum = "8d5439c4ad607c3c23abf66de8c8bf57ba8adcd1f129e699851a6e43935d339d"

[[package]]
name = "nix"
version = "0.26.4"
source = "registry+https://github.com/rust-lang/crates.io-index"
checksum = "598beaf3cc6fdd9a5dfb1630c2800c7acd31df7aaf0f565796fba2b53ca1af1b"
dependencies = [
 "bitflags 1.3.2",
 "cfg-if",
 "libc",
]

[[package]]
name = "nix"
version = "0.27.1"
source = "registry+https://github.com/rust-lang/crates.io-index"
checksum = "2eb04e9c688eff1c89d72b407f168cf79bb9e867a9d3323ed6c01519eb9cc053"
dependencies = [
 "bitflags 2.8.0",
 "cfg-if",
 "libc",
]

[[package]]
name = "proc-macro2"
version = "1.0.93"
source = "registry+https://github.com/rust-lang/crates.io-index"
checksum = "60946a68e5f9d28b0dc1c21bb8a97ee7d018a8b322fa57838ba31cc878e22d99"
dependencies = [
 "unicode-ident",
]

[[package]]
name = "quote"
version = "1.0.38"
source = "registry+https://github.com/rust-lang/crates.io-index"
checksum = "0e4dccaaaf89514f546c693ddc140f729f958c247918a13380cccc6078391acc"
dependencies = [
 "proc-macro2",
]

[[package]]
name = "scopeguard"
version = "1.2.0"
source = "registry+https://github.com/rust-lang/crates.io-index"
checksum = "94143f37725109f92c262ed2cf5e59bce7498c01bcc1502d7b9afe439a4e9f49"

[[package]]
name = "serialport"
version = "4.7.0"
source = "registry+https://github.com/rust-lang/crates.io-index"
checksum = "5ecfc4858c2266c7695d8b8460bbd612fa81bd2e250f5f0dd16195e4b4f8b3d8"
dependencies = [
 "bitflags 2.8.0",
 "cfg-if",
 "core-foundation",
 "core-foundation-sys",
 "io-kit-sys",
 "mach2",
 "nix 0.26.4",
 "scopeguard",
 "unescaper",
 "winapi",
]

[[package]]
name = "syn"
version = "2.0.98"
source = "registry+https://github.com/rust-lang/crates.io-index"
checksum = "36147f1a48ae0ec2b5b3bc5b537d267457555a10dc06f3dbc8cb11ba3006d3b1"
dependencies = [
 "proc-macro2",
 "quote",
 "unicode-ident",
]

[[package]]
name = "thiserror"
version = "1.0.69"
source = "registry+https://github.com/rust-lang/crates.io-index"
checksum = "b6aaf5339b578ea85b50e080feb250a3e8ae8cfcdff9a461c9ec2904bc923f52"
dependencies = [
 "thiserror-impl",
]

[[package]]
name = "thiserror-impl"
version = "1.0.69"
source = "registry+https://github.com/rust-lang/crates.io-index"
checksum = "4fee6c4efc90059e10f81e6d42c60a18f76588c3d74cb83a0b242a2b6c7504c1"
dependencies = [
 "proc-macro2",
 "quote",
 "syn",
]

[[package]]
name = "unescaper"
version = "0.1.5"
source = "registry+https://github.com/rust-lang/crates.io-index"
checksum = "c878a167baa8afd137494101a688ef8c67125089ff2249284bd2b5f9bfedb815"
dependencies = [
 "thiserror",
]

[[package]]
name = "unicode-ident"
version = "1.0.16"
source = "registry+https://github.com/rust-lang/crates.io-index"
checksum = "a210d160f08b701c8721ba1c726c11662f877ea6b7094007e1ca9a1041945034"

[[package]]
name = "winapi"
version = "0.3.9"
source = "registry+https://github.com/rust-lang/crates.io-index"
checksum = "5c839a674fcd7a98952e593242ea400abe93992746761e38641405d28b00f419"
dependencies = [
 "winapi-i686-pc-windows-gnu",
 "winapi-x86_64-pc-windows-gnu",
]

[[package]]
name = "winapi-i686-pc-windows-gnu"
version = "0.4.0"
source = "registry+https://github.com/rust-lang/crates.io-index"
checksum = "ac3b87c63620426dd9b991e5ce0329eff545bccbbb34f3be09ff6fb6ab51b7b6"

[[package]]
name = "winapi-x86_64-pc-windows-gnu"
version = "0.4.0"
source = "registry+https://github.com/rust-lang/crates.io-index"
checksum = "712e227841d057c1ee1cd2fb22fa7e5a5461ae8e48fa2ca79ec42cfc1931183f"
